
Microsoft Visual Studio Solution File, Format Version 12.00
# Visual Studio Version 17
VisualStudioVersion = 17.8.34511.84
MinimumVisualStudioVersion = 10.0.40219.1
Project("{FAE04EC0-301F-11D3-BF4B-00C04F79EFBC}") = "identityApp", "identityApp\identityApp.csproj", "{F03B1331-36E7-4352-BDD5-723D4E224D6B}"
EndProject
Global
	GlobalSection(SolutionConfigurationPlatforms) = preSolution
		Debug|Any CPU = Debug|Any CPU
		Release|Any CPU = Release|Any CPU
	EndGlobalSection
	GlobalSection(ProjectConfigurationPlatforms) = postSolution
		{F03B1331-36E7-4352-BDD5-723D4E224D6B}.Debug|Any CPU.ActiveCfg = Debug|Any CPU
		{F03B1331-36E7-4352-BDD5-723D4E224D6B}.Debug|Any CPU.Build.0 = Debug|Any CPU
		{F03B1331-36E7-4352-BDD5-723D4E224D6B}.Release|Any CPU.ActiveCfg = Release|Any CPU
		{F03B1331-36E7-4352-BDD5-723D4E224D6B}.Release|Any CPU.Build.0 = Release|Any CPU
	EndGlobalSection
	GlobalSection(SolutionProperties) = preSolution
		HideSolutionNode = FALSE
	EndGlobalSection
	GlobalSection(ExtensibilityGlobals) = postSolution
		SolutionGuid = {E7776098-B302-4FC2-98E8-C0B7FE4E455E}
	EndGlobalSection
EndGlobal
